
Microsoft Visual Studio Solution File, Format Version 12.00
# Visual Studio Version 17
VisualStudioVersion = 17.8.34511.84
MinimumVisualStudioVersion = 10.0.40219.1
Project("{9A19103F-16F7-4668-BE54-9A1E7A4F7556}") = "Aula02", "Aula02\Aula02.csproj", "{F318D9CF-9692-4D6F-8CAE-CC02ECE893FF}"
EndProject
Project("{9A19103F-16F7-4668-BE54-9A1E7A4F7556}") = "Bank", "Bank\Bank.csproj", "{53021A09-B2A1-46A3-9F7F-F46D91D7BF64}"
EndProject
Project("{9A19103F-16F7-4668-BE54-9A1E7A4F7556}") = "TestBank", "TestBank\TestBank.csproj", "{18E0A9F5-039C-4F38-9465-44AC49E68435}"
EndProject
Global
	GlobalSection(SolutionConfigurationPlatforms) = preSolution
		Debug|Any CPU = Debug|Any CPU
		Release|Any CPU = Release|Any CPU
	EndGlobalSection
	GlobalSection(ProjectConfigurationPlatforms) = postSolution
		{F318D9CF-9692-4D6F-8CAE-CC02ECE893FF}.Debug|Any CPU.ActiveCfg = Debug|Any CPU
		{F318D9CF-9692-4D6F-8CAE-CC02ECE893FF}.Debug|Any CPU.Build.0 = Debug|Any CPU
		{F318D9CF-9692-4D6F-8CAE-CC02ECE893FF}.Release|Any CPU.ActiveCfg = Release|Any CPU
		{F318D9CF-9692-4D6F-8CAE-CC02ECE893FF}.Release|Any CPU.Build.0 = Release|Any CPU
		{53021A09-B2A1-46A3-9F7F-F46D91D7BF64}.Debug|Any CPU.ActiveCfg = Debug|Any CPU
		{53021A09-B2A1-46A3-9F7F-F46D91D7BF64}.Debug|Any CPU.Build.0 = Debug|Any CPU
		{53021A09-B2A1-46A3-9F7F-F46D91D7BF64}.Release|Any CPU.ActiveCfg = Release|Any CPU
		{53021A09-B2A1-46A3-9F7F-F46D91D7BF64}.Release|Any CPU.Build.0 = Release|Any CPU
		{18E0A9F5-039C-4F38-9465-44AC49E68435}.Debug|Any CPU.ActiveCfg = Debug|Any CPU
		{18E0A9F5-039C-4F38-9465-44AC49E68435}.Debug|Any CPU.Build.0 = Debug|Any CPU
		{18E0A9F5-039C-4F38-9465-44AC49E68435}.Release|Any CPU.ActiveCfg = Release|Any CPU
		{18E0A9F5-039C-4F38-9465-44AC49E68435}.Release|Any CPU.Build.0 = Release|Any CPU
	EndGlobalSection
	GlobalSection(SolutionProperties) = preSolution
		HideSolutionNode = FALSE
	EndGlobalSection
	GlobalSection(ExtensibilityGlobals) = postSolution
		SolutionGuid = {E2B63D6F-B576-4CE3-BF5D-10B272B565AC}
	EndGlobalSection
EndGlobal
